
Microsoft Visual Studio Solution File, Format Version 12.00
# Visual Studio Version 17
VisualStudioVersion = 17.11.35219.272
MinimumVisualStudioVersion = 10.0.40219.1
Project("{2150E333-8FDC-42A3-9474-1A3956D46DE8}") = "src", "src", "{66433371-0479-474E-B360-D0A9672DF021}"
EndProject
Project("{9A19103F-16F7-4668-BE54-9A1E7A4F7556}") = "Manager-API", "Manager-API\Manager-API.csproj", "{79496C00-B687-4B79-9316-2FE3AB975D72}"
EndProject
Project("{9A19103F-16F7-4668-BE54-9A1E7A4F7556}") = "Manager.Domain", "Manager.Domain\Manager.Domain.csproj", "{FE60E21C-B3FD-459A-A129-9DE36F36F6DB}"
EndProject
Project("{9A19103F-16F7-4668-BE54-9A1E7A4F7556}") = "Manager.Service", "Manager.Service\Manager.Service.csproj", "{FB4435C0-FDA8-4A3A-A2A5-F95AE466BAC7}"
EndProject
Project("{9A19103F-16F7-4668-BE54-9A1E7A4F7556}") = "Manager.Infra", "Manager.Infra\Manager.Infra.csproj", "{8E7F41C9-1A2E-4CAD-AC6D-C1435F53ADE0}"
EndProject
Project("{9A19103F-16F7-4668-BE54-9A1E7A4F7556}") = "Manager.Core", "Manager.Core\Manager.Core.csproj", "{5439D8F9-6129-443D-8102-1152C50361A6}"
EndProject
Global
	GlobalSection(SolutionConfigurationPlatforms) = preSolution
		Debug|Any CPU = Debug|Any CPU
		Release|Any CPU = Release|Any CPU
	EndGlobalSection
	GlobalSection(ProjectConfigurationPlatforms) = postSolution
		{79496C00-B687-4B79-9316-2FE3AB975D72}.Debug|Any CPU.ActiveCfg = Debug|Any CPU
		{79496C00-B687-4B79-9316-2FE3AB975D72}.Debug|Any CPU.Build.0 = Debug|Any CPU
		{79496C00-B687-4B79-9316-2FE3AB975D72}.Release|Any CPU.ActiveCfg = Release|Any CPU
		{79496C00-B687-4B79-9316-2FE3AB975D72}.Release|Any CPU.Build.0 = Release|Any CPU
		{FE60E21C-B3FD-459A-A129-9DE36F36F6DB}.Debug|Any CPU.ActiveCfg = Debug|Any CPU
		{FE60E21C-B3FD-459A-A129-9DE36F36F6DB}.Debug|Any CPU.Build.0 = Debug|Any CPU
		{FE60E21C-B3FD-459A-A129-9DE36F36F6DB}.Release|Any CPU.ActiveCfg = Release|Any CPU
		{FE60E21C-B3FD-459A-A129-9DE36F36F6DB}.Release|Any CPU.Build.0 = Release|Any CPU
		{FB4435C0-FDA8-4A3A-A2A5-F95AE466BAC7}.Debug|Any CPU.ActiveCfg = Debug|Any CPU
		{FB4435C0-FDA8-4A3A-A2A5-F95AE466BAC7}.Debug|Any CPU.Build.0 = Debug|Any CPU
		{FB4435C0-FDA8-4A3A-A2A5-F95AE466BAC7}.Release|Any CPU.ActiveCfg = Release|Any CPU
		{FB4435C0-FDA8-4A3A-A2A5-F95AE466BAC7}.Release|Any CPU.Build.0 = Release|Any CPU
		{8E7F41C9-1A2E-4CAD-AC6D-C1435F53ADE0}.Debug|Any CPU.ActiveCfg = Debug|Any CPU
		{8E7F41C9-1A2E-4CAD-AC6D-C1435F53ADE0}.Debug|Any CPU.Build.0 = Debug|Any CPU
		{8E7F41C9-1A2E-4CAD-AC6D-C1435F53ADE0}.Release|Any CPU.ActiveCfg = Release|Any CPU
		{8E7F41C9-1A2E-4CAD-AC6D-C1435F53ADE0}.Release|Any CPU.Build.0 = Release|Any CPU
		{5439D8F9-6129-443D-8102-1152C50361A6}.Debug|Any CPU.ActiveCfg = Debug|Any CPU
		{5439D8F9-6129-443D-8102-1152C50361A6}.Debug|Any CPU.Build.0 = Debug|Any CPU
		{5439D8F9-6129-443D-8102-1152C50361A6}.Release|Any CPU.ActiveCfg = Release|Any CPU
		{5439D8F9-6129-443D-8102-1152C50361A6}.Release|Any CPU.Build.0 = Release|Any CPU
	EndGlobalSection
	GlobalSection(SolutionProperties) = preSolution
		HideSolutionNode = FALSE
	EndGlobalSection
	GlobalSection(NestedProjects) = preSolution
		{79496C00-B687-4B79-9316-2FE3AB975D72} = {66433371-0479-474E-B360-D0A9672DF021}
		{FE60E21C-B3FD-459A-A129-9DE36F36F6DB} = {66433371-0479-474E-B360-D0A9672DF021}
		{FB4435C0-FDA8-4A3A-A2A5-F95AE466BAC7} = {66433371-0479-474E-B360-D0A9672DF021}
		{8E7F41C9-1A2E-4CAD-AC6D-C1435F53ADE0} = {66433371-0479-474E-B360-D0A9672DF021}
		{5439D8F9-6129-443D-8102-1152C50361A6} = {66433371-0479-474E-B360-D0A9672DF021}
	EndGlobalSection
	GlobalSection(ExtensibilityGlobals) = postSolution
		SolutionGuid = {A1838BF6-0E88-45B2-9EE3-37E435D69D49}
	EndGlobalSection
EndGlobal
